{
  "meteor": {},
  "dependencies": {
    "basePackages": {
      "Planet": {},
      "iron-router": {},
      "gravatar": {},
      "googleAnalytics": {},
      "imagemagick": {},
      "handlebars-server": {},
      "tmlr": {},
      "Fixtures": {}
    },
    "packages": {
      "Planet": {
        "git": "https://github.com/yasaricli/planet.git",
        "tag": "v0.2.2",
        "commit": "bcfc96a665c7ff785dcfa639aded110b7b7cc656"
      },
      "iron-router": {
        "git": "https://github.com/EventedMind/iron-router.git",
        "tag": "v0.7.1",
        "commit": "d1ffb3f06ea4c112132b030f2eb1a70b81675ecb"
      },
      "gravatar": {
        "git": "https://github.com/tmeasday/meteor-gravatar.git",
        "tag": "v0.0.4",
        "commit": "d1052ff4401725c23fb199c0e0a36e29b926bc22"
      },
      "googleAnalytics": {
        "git": "https://github.com/yasaricli/googleAnalytics.git",
        "tag": "v0.0.8",
        "commit": "2c47f147d64554e870c7c02691d5c2efde040ee3"
      },
      "imagemagick": {
        "git": "https://github.com/sylvaingi/meteor-imagemagick.git",
        "tag": "v0.1.2",
        "commit": "d67bb926356d35cdff1a6d6c3c69750f3f54c059"
      },
      "handlebars-server": {
        "git": "https://github.com/EventedMind/meteor-handlebars-server.git",
        "tag": "v1.2.0",
        "commit": "1b72c4e9d82af66293e50be4516c487d15d97464"
      },
      "tmlr": {
        "git": "https://github.com/waydin/tmlr.git",
        "tag": "v0.0.1",
        "commit": "94e5ccffe02ad01e628e12443d4d532a9bc478a2"
      },
      "Fixtures": {
        "git": "https://github.com/waydin/fixtures.git",
        "tag": "v0.0.3",
        "commit": "a5b281f88614376f26aa07e6a73db5c95cc3c34d"
      },
      "blaze-layout": {
        "git": "https://github.com/EventedMind/blaze-layout.git",
        "tag": "v0.2.4",
        "commit": "b40e9b0612329288d75cf52ad14a7da64bb8618f"
      },
      "crypto-md5": {
        "git": "https://github.com/oortcloud/meteor-crypto-md5.git",
        "tag": "v3.1.2.2",
        "commit": "75bbb3eeace302122d3554a6212a6fe92553fa18"
      },
      "crypto-base": {
        "git": "https://github.com/oortcloud/meteor-crypto-base.git",
        "tag": "v3.1.2.1",
        "commit": "5df8d82a0595553415bbfae2930c6ecbeece5794"
      }
    }
  }
}
